{
    "_meta": {
        "hash": {
            "sha256": "74cbbcfc4faf9b33ca7cf721456df47aa6092b8da88ea9f22902beee5e70b507"
        },
        "pipfile-spec": 6,
        "requires": {
            "python_version": "3.6"
        },
        "sources": [
            {
                "name": "pypi",
                "url": "https://pypi.tuna.tsinghua.edu.cn/simple",
                "verify_ssl": true
            }
        ]
    },
    "default": {
        "grpcio": {
            "hashes": [
                "sha256:00e0ed7a4558b65df24aed9369880c7e247bcd48c9c71c9c40f3143ab02842a5",
                "sha256:113d457cf87a2d642820f2a442008d714c52f9760fea2c02b22fe06aacc40531",
                "sha256:114399097a2af15fac768dd99c32171ed33804bf127945b5cba0fb9f4380b09d",
                "sha256:14a16eb13472cb16213dad17d4580d885824e04b93ae4323ed532168f99477a0",
                "sha256:15a5fc23ba2e5f30758fbb8763f79a764e3de1ffcb92c2ccd46f45ffa63910d2",
                "sha256:16cdd82a3aed9b6d3067492413bfffe61bf0f98c06f2942f887d79b8fd68898d",
                "sha256:21901beb267bd996a094d960996bff047db7c10ad3bfa7bd4689eb0374101e63",
                "sha256:253ae7ed8b50132ab331146ecb329d740330f9f76b6986cc36c3280eb74878c7",
                "sha256:25f2d6120e710223195027375855a06cfc5a4f448e89b20f8f09975527297aeb",
                "sha256:2767b87260b2256d738a496d5aaf8ce4bbeef34cdbe9c852508c09a36ff35631",
                "sha256:2fffb227db6d95e62086563720518cd5cdbf7127675f49067f55d3c7cca019c4",
                "sha256:3b16f12bedb3fc22db8c4a55119f460778330d0ca44cc9716d106170b4270685",
                "sha256:3f57682b103febfd603350d2e0c91bdb5240593dd3c377ade9ab27da0540f4ad",
                "sha256:4473f462accbfb6207174af8bbdd21c09d355a16d6a718e24810afb236ed237e",
                "sha256:4a70e37c6bf2f81f48f739184c058c9912caf9fd85db6b8688e8916b748b02cb",
                "sha256:529b872bddc0ad5243fa58f77dfbac1a04c9812f35a4d2033cba795e3b579411",
                "sha256:5f54bb445a443a12123d88f3f83a715d00c0579481201e08caa931a0c38f794e",
                "sha256:670e884e5b5c8805e30d214da790cb86487db27ed9e7ccd74f11a2bc5a27df2b",
                "sha256:67f1dd57935abe0d090f3b5f9fbc4d7ef84a53c9cd806c7cb91a2bda9dd8f14a",
                "sha256:6bb4acb354a0f84ca767658bf414b70dbfc88a41210456720e5ef1248354b0ad",
                "sha256:701534465e7936524e786f9448e9ccc9a519fddb59bca744ef2abe04fd737104",
                "sha256:7ab4fcef50ec8257a4ec5ff676001d9be466aa965df57ccf89873a263c7bb4ae",
                "sha256:7b2f2882a909213d038f399dcf07995870e3a2f27a93ce8dbfb65db860df30be",
                "sha256:9380f8365d9fd7fea6497615295b4e749345bdc7990655d52ad22fef0127f1d3",
                "sha256:aa4ca8f74500d90a6b8745aef03fb765b8c1655524f695baa46320763aad5822",
                "sha256:bf203d00fa7d7f9a67646c5468732b03330f7910fffa1bac7dcde956d27d3508",
                "sha256:cba9f8b4910644c6664f875ba20e8ea031919118d4567fe0b77aee28d7fa32c6",
                "sha256:d360ccb3aedec5b799c8b0d7968013b92a5a67fad00da77ff987360d59182f9f",
                "sha256:e0b262828da4b0986ab9994ed8727655b21f1575b6b31cf2f05ba0d9ca650bae",
                "sha256:e9caf61a789dd657404195d7bc0d3e521bf1878b43448ffe8b03bb03e27fb23d",
                "sha256:eade750711df77696ae8361412018c0b294bb078fc0a3b51f5a77e789af692c7",
                "sha256:f322631581149eb35f834ea0defcacf4edc8641db206f83027b9c239aa46a442"
            ],
            "index": "pypi",
            "version": "==1.15.0"
        },
        "protobuf": {
            "hashes": [
                "sha256:0c44e01f74109decea196b5b313b08edb5316df77313995594a6981e95674259",
                "sha256:15cdecb0d192ab5f17cdc21a9c0ae7b5c6c4451e42c8a888a4f3344c190e369c",
                "sha256:196a153e487c0e20d62259872bbf2e1c4fa18e2ce97e20984fcbf9d8b151058d",
                "sha256:3149c373e9b7ce296bb24d42a3eb677d620185b5dff2c390b2cf57baf79afdc1",
                "sha256:370a6b885e94adda021d4cbe43accdfbf6a02af651a0be337a28906a3fa77f3d",
                "sha256:474247630834f93214fafce49d2ee6ff4c036c8c5382b88432b7eae6f08f131b",
                "sha256:6380aae2683d0d1b41199e591c8ba06f867e8a778d44309af87073c1b34a9f3a",
                "sha256:6741d7d1cfcbdd6cf610f38b7976cf8c0b41022203555298925e4061b6616608",
                "sha256:700787cb56b4cb7b8ed5f7d197b9d8f30080f257f3c7431eec1fdd8060660929",
                "sha256:8117b52c2531e4033f7d02b9be5a78564da41a8b02c255e1b731ad4bd75e7dc0",
                "sha256:850da2072d98c6e576b7eb29734cdde6fd9f5d157e43d7818d79f4b373ef5d51",
                "sha256:85d1fb5ff1d638a0045bbe4f01a8f287023aa4f2b29011445b1be0edc74a2103",
                "sha256:93bca9aaeee8008e15696c2a6b5e56b992da03f9d237ff54310e397d635f8305",
                "sha256:98d414513ec44bb3ba77ebdeffcbbe6ebbf3630c767d37a285890c2414fdd4e2",
                "sha256:a7f91a4e5bf3cc58b2830c9cb01b04ac5e211c288048e9296cd407ec0455fb89",
                "sha256:abbcb8ecd19cfb729b9b71f9a453e37c0c1c017be4bff47804ff25150685386d",
                "sha256:b03966ca4d1aa7850f5bf0d841c22a8eeb6ce091f77e585ffeb8b95a6b0a96c4",
                "sha256:cde2a73b03049b904dbc5d0f500b97e11abb4109dbe2940e6a1595e2eef4e8a9",
                "sha256:d52a687e2c74c40f45abd6906f833d4e40f0f8cfa4226a80e4695fedafe6c57e",
                "sha256:e68ad00695547d9397dd14abd3efba23cb31cef67228f4512d41396971889812",
                "sha256:e9bffd52d6ee039a1cafb72475b2900c6fd0f0dca667fb7a09af0a3e119e78cb"
            ],
            "index": "pypi",
            "version": "==3.18.3"
        },
        "six": {
            "hashes": [
                "sha256:1e61c37477a1626458e36f7b1d82aa5c9b094fa4802892072e49de9c60c4c926",
                "sha256:8abb2f1d86890a2dfb989f9a77cfcfd3e47c2a354b01111771326f8aa26e0254"
            ],
            "markers": "python_version >= '2.7' and python_version not in '3.0, 3.1, 3.2, 3.3'",
            "version": "==1.16.0"
        }
    },
    "develop": {
        "atomicwrites": {
            "hashes": [
                "sha256:81b2c9071a49367a7f770170e5eec8cb66567cfbbc8c73d20ce5ca4a8d71cf11"
            ],
            "version": "==1.4.1"
        },
        "attrs": {
            "hashes": [
                "sha256:29adc2665447e5191d0e7c568fde78b21f9672d344281d0c6e1ab085429b22b6",
                "sha256:86efa402f67bf2df34f51a335487cf46b1ec130d02b8d39fd248abfd30da551c"
            ],
            "markers": "python_version >= '3.5'",
            "version": "==22.1.0"
        },
        "distlib": {
            "hashes": [
                "sha256:14bad2d9b04d3a36127ac97f30b12a19268f211063d8f8ee4f47108896e11b46",
                "sha256:f35c4b692542ca110de7ef0bea44d73981caeb34ca0b9b6b2e6d7790dda8f80e"
            ],
            "version": "==0.3.6"
        },
        "filelock": {
            "hashes": [
                "sha256:0f12f552b42b5bf60dba233710bf71337d35494fc8bdd4fd6d9f6d082ad45e06",
                "sha256:a4bc51381e01502a30e9f06dd4fa19a1712eab852b6fb0f84fd7cce0793d8ca3"
            ],
            "markers": "python_version >= '3.6'",
            "version": "==3.4.1"
        },
        "grpcio": {
            "hashes": [
                "sha256:00e0ed7a4558b65df24aed9369880c7e247bcd48c9c71c9c40f3143ab02842a5",
                "sha256:113d457cf87a2d642820f2a442008d714c52f9760fea2c02b22fe06aacc40531",
                "sha256:114399097a2af15fac768dd99c32171ed33804bf127945b5cba0fb9f4380b09d",
                "sha256:14a16eb13472cb16213dad17d4580d885824e04b93ae4323ed532168f99477a0",
                "sha256:15a5fc23ba2e5f30758fbb8763f79a764e3de1ffcb92c2ccd46f45ffa63910d2",
                "sha256:16cdd82a3aed9b6d3067492413bfffe61bf0f98c06f2942f887d79b8fd68898d",
                "sha256:21901beb267bd996a094d960996bff047db7c10ad3bfa7bd4689eb0374101e63",
                "sha256:253ae7ed8b50132ab331146ecb329d740330f9f76b6986cc36c3280eb74878c7",
                "sha256:25f2d6120e710223195027375855a06cfc5a4f448e89b20f8f09975527297aeb",
                "sha256:2767b87260b2256d738a496d5aaf8ce4bbeef34cdbe9c852508c09a36ff35631",
                "sha256:2fffb227db6d95e62086563720518cd5cdbf7127675f49067f55d3c7cca019c4",
                "sha256:3b16f12bedb3fc22db8c4a55119f460778330d0ca44cc9716d106170b4270685",
                "sha256:3f57682b103febfd603350d2e0c91bdb5240593dd3c377ade9ab27da0540f4ad",
                "sha256:4473f462accbfb6207174af8bbdd21c09d355a16d6a718e24810afb236ed237e",
                "sha256:4a70e37c6bf2f81f48f739184c058c9912caf9fd85db6b8688e8916b748b02cb",
                "sha256:529b872bddc0ad5243fa58f77dfbac1a04c9812f35a4d2033cba795e3b579411",
                "sha256:5f54bb445a443a12123d88f3f83a715d00c0579481201e08caa931a0c38f794e",
                "sha256:670e884e5b5c8805e30d214da790cb86487db27ed9e7ccd74f11a2bc5a27df2b",
                "sha256:67f1dd57935abe0d090f3b5f9fbc4d7ef84a53c9cd806c7cb91a2bda9dd8f14a",
                "sha256:6bb4acb354a0f84ca767658bf414b70dbfc88a41210456720e5ef1248354b0ad",
                "sha256:701534465e7936524e786f9448e9ccc9a519fddb59bca744ef2abe04fd737104",
                "sha256:7ab4fcef50ec8257a4ec5ff676001d9be466aa965df57ccf89873a263c7bb4ae",
                "sha256:7b2f2882a909213d038f399dcf07995870e3a2f27a93ce8dbfb65db860df30be",
                "sha256:9380f8365d9fd7fea6497615295b4e749345bdc7990655d52ad22fef0127f1d3",
                "sha256:aa4ca8f74500d90a6b8745aef03fb765b8c1655524f695baa46320763aad5822",
                "sha256:bf203d00fa7d7f9a67646c5468732b03330f7910fffa1bac7dcde956d27d3508",
                "sha256:cba9f8b4910644c6664f875ba20e8ea031919118d4567fe0b77aee28d7fa32c6",
                "sha256:d360ccb3aedec5b799c8b0d7968013b92a5a67fad00da77ff987360d59182f9f",
                "sha256:e0b262828da4b0986ab9994ed8727655b21f1575b6b31cf2f05ba0d9ca650bae",
                "sha256:e9caf61a789dd657404195d7bc0d3e521bf1878b43448ffe8b03bb03e27fb23d",
                "sha256:eade750711df77696ae8361412018c0b294bb078fc0a3b51f5a77e789af692c7",
                "sha256:f322631581149eb35f834ea0defcacf4edc8641db206f83027b9c239aa46a442"
            ],
            "index": "pypi",
            "version": "==1.15.0"
        },
        "grpcio-tools": {
            "hashes": [
                "sha256:01fc9dcbb1a8e8f763ec143930519e5e8551a25a4d1b7706a10809c8339b0377",
                "sha256:0346fdfd5307f9283a1fc0b8936d57a123636c66aca2f402303941a2c805f20f",
                "sha256:0d0039e1226d037c04cb6300254f13eb87c60d88abd5a14b99c32b881e06dacd",
                "sha256:1e57e1cc9945c5f838b3270d04634bc9076486bf064359f20c8761a98126dce2",
                "sha256:2bf8761307f54fdf116372bc7580ee5fa899c5fafca75e0f833c8339613d77f5",
                "sha256:3c3599a6882532801a5757955b70836d70a3da2f187937e0a6835dce5c11f05f",
                "sha256:3cfea4815236aa7c875150cc402d168bfcb6c0884cc753d53cde3099a8920efd",
                "sha256:4172f50c24d5b4135023b4193ce5fe6e7515dcbb91b4ee01f20459b816aee0a0",
                "sha256:421f8815fd6173c5110e5bb2c682c29bdb694b598641379a9a773e04a907f0d8",
                "sha256:6002e05ef8c20de23887fccb8c74b55f85544a822c06dad618ebc90c409c2d83",
                "sha256:61a418f4ce288d44eee9acbb30fd73255083d35ca481f40954c2932f3efe621b",
                "sha256:6678191ee6ddc0c02ae6be9d5f759a904e61866e29c2ab8df85a88798aca681f",
                "sha256:6e71cbcfd22ff15ba89b3856e1bb390084315b27f822cc1266f73864820fae81",
                "sha256:7329622e9ac365dd0751c337e5c99ccfec9a8b60a5cc44d58bb7e569b5ea7c81",
                "sha256:7576d16d6c1f2946a1ea495dc57d849afd29df547fd125d4a4f213e3ee976417",
                "sha256:9738e750aa207d4651d719c0f5e3cf1e0bf2b6b6088bf6c15fd93a9b64580b55",
                "sha256:989f3479e69ab3a72f70065de6d000a611a25a53166711981a3e8c99671d5705",
                "sha256:a984e5c7f456a6e65ef00899151187ff520c8f42222944ad4b85b136321ce949",
                "sha256:a9a98c293d54de819c2cac138f48cffe78890a2abfc6cfa42985ee8897121764",
                "sha256:aa4f8f5c6f059d5c3ae756821494821545b1ebc203c1ed12c1366fe011dc2a5c",
                "sha256:ac5962315518b0eb271b429ff01e6da3bf36eff54aa0234502c10238164c5237",
                "sha256:af8683a74a43d9cc76d316c90d3369072cfc0e9b2833a4a21c0d0d6082d63161",
                "sha256:b1bba27c6cf2d967d35d7aea2be4495b8b82596dccf941237d960509c22a8c56",
                "sha256:b8b33d1ebbd1860b116e83ca655b696c314cd34b0c2336b75a3c882d28299274",
                "sha256:bdee353eb9ec9353d83613b35853276c72c60516b595569e2624575bf3fdbeab",
                "sha256:ce0415c33ff47e7ac4aea9d6a283fc8fc05bebe6857e7431b584be9d253fa193",
                "sha256:cfbb7db17980ab099aa8ca50f2c178d86af8e8b84317ff9993d291d31362a09f",
                "sha256:d04e1d148eb27c4582c76324182771a459d82bfc3f6500303fee17775f06298d",
                "sha256:dab46b5362775fe1f45d72ab00d85bed04c83f0ef041e4d99f5d33d07318ae28",
                "sha256:e586f7ba57c7bf9ac7131145f16a1eececd4e063296c219c22131d4f019e8140",
                "sha256:e71e0bf098a7c1c1d53dbabea1cc61b3a01a31994851a05721bc9fecdda21266",
                "sha256:f61c6f6394201344754e139370adbec3ee390aa53e5d1063b64569d131f70611"
            ],
            "index": "https://mirrors.ustc.edu.cn/pypi/web/simple",
            "version": "==1.15.0"
        },
        "importlib-metadata": {
            "hashes": [
                "sha256:65a9576a5b2d58ca44d133c42a241905cc45e34d2c06fd5ba2bafa221e5d7b5e",
                "sha256:766abffff765960fcc18003801f7044eb6755ffae4521c8e8ce8e83b9c9b0668"
            ],
            "markers": "python_version < '3.8'",
            "version": "==4.8.3"
        },
        "importlib-resources": {
            "hashes": [
                "sha256:33a95faed5fc19b4bc16b29a6eeae248a3fe69dd55d4d229d2b480e23eeaad45",
                "sha256:d756e2f85dd4de2ba89be0b21dba2a3bbec2e871a42a3a16719258a11f87506b"
            ],
            "markers": "python_version < '3.7'",
            "version": "==5.4.0"
        },
        "more-itertools": {
            "hashes": [
                "sha256:1bc4f91ee5b1b31ac7ceacc17c09befe6a40a503907baf9c839c229b5095cfd2",
                "sha256:c09443cd3d5438b8dafccd867a6bc1cb0894389e90cb53d227456b0b0bccb750"
            ],
            "markers": "python_version >= '3.5'",
            "version": "==8.14.0"
        },
        "platformdirs": {
            "hashes": [
                "sha256:367a5e80b3d04d2428ffa76d33f124cf11e8fff2acdaa9b43d545f5c7d661ef2",
                "sha256:8868bbe3c3c80d42f20156f22e7131d2fb321f5bc86a2a345375c6481a67021d"
            ],
            "markers": "python_version >= '3.6'",
            "version": "==2.4.0"
        },
        "pluggy": {
            "hashes": [
                "sha256:15b2acde666561e1298d71b523007ed7364de07029219b604cf808bfa1c765b0",
                "sha256:966c145cd83c96502c3c3868f50408687b38434af77734af1e9ca461a4081d2d"
            ],
            "markers": "python_version >= '2.7' and python_version not in '3.0, 3.1, 3.2, 3.3'",
            "version": "==0.13.1"
        },
        "protobuf": {
            "hashes": [
                "sha256:0c44e01f74109decea196b5b313b08edb5316df77313995594a6981e95674259",
                "sha256:15cdecb0d192ab5f17cdc21a9c0ae7b5c6c4451e42c8a888a4f3344c190e369c",
                "sha256:196a153e487c0e20d62259872bbf2e1c4fa18e2ce97e20984fcbf9d8b151058d",
                "sha256:3149c373e9b7ce296bb24d42a3eb677d620185b5dff2c390b2cf57baf79afdc1",
                "sha256:370a6b885e94adda021d4cbe43accdfbf6a02af651a0be337a28906a3fa77f3d",
                "sha256:474247630834f93214fafce49d2ee6ff4c036c8c5382b88432b7eae6f08f131b",
                "sha256:6380aae2683d0d1b41199e591c8ba06f867e8a778d44309af87073c1b34a9f3a",
                "sha256:6741d7d1cfcbdd6cf610f38b7976cf8c0b41022203555298925e4061b6616608",
                "sha256:700787cb56b4cb7b8ed5f7d197b9d8f30080f257f3c7431eec1fdd8060660929",
                "sha256:8117b52c2531e4033f7d02b9be5a78564da41a8b02c255e1b731ad4bd75e7dc0",
                "sha256:850da2072d98c6e576b7eb29734cdde6fd9f5d157e43d7818d79f4b373ef5d51",
                "sha256:85d1fb5ff1d638a0045bbe4f01a8f287023aa4f2b29011445b1be0edc74a2103",
                "sha256:93bca9aaeee8008e15696c2a6b5e56b992da03f9d237ff54310e397d635f8305",
                "sha256:98d414513ec44bb3ba77ebdeffcbbe6ebbf3630c767d37a285890c2414fdd4e2",
                "sha256:a7f91a4e5bf3cc58b2830c9cb01b04ac5e211c288048e9296cd407ec0455fb89",
                "sha256:abbcb8ecd19cfb729b9b71f9a453e37c0c1c017be4bff47804ff25150685386d",
                "sha256:b03966ca4d1aa7850f5bf0d841c22a8eeb6ce091f77e585ffeb8b95a6b0a96c4",
                "sha256:cde2a73b03049b904dbc5d0f500b97e11abb4109dbe2940e6a1595e2eef4e8a9",
                "sha256:d52a687e2c74c40f45abd6906f833d4e40f0f8cfa4226a80e4695fedafe6c57e",
                "sha256:e68ad00695547d9397dd14abd3efba23cb31cef67228f4512d41396971889812",
                "sha256:e9bffd52d6ee039a1cafb72475b2900c6fd0f0dca667fb7a09af0a3e119e78cb"
            ],
            "index": "pypi",
            "version": "==3.18.3"
        },
        "py": {
            "hashes": [
                "sha256:51c75c4126074b472f746a24399ad32f6053d1b34b68d2fa41e558e6f4a98719",
                "sha256:607c53218732647dff4acdfcd50cb62615cedf612e72d1724fb1a0cc6405b378"
            ],
            "markers": "python_version >= '2.7' and python_version not in '3.0, 3.1, 3.2, 3.3, 3.4'",
            "version": "==1.11.0"
        },
        "pytest": {
            "hashes": [
                "sha256:7e258ee50338f4e46957f9e09a0f10fb1c2d05493fa901d113a8dafd0790de4e",
                "sha256:9332147e9af2dcf46cd7ceb14d5acadb6564744ddff1fe8c17f0ce60ece7d9a2"
            ],
            "index": "pypi",
            "version": "==3.8.2"
        },
        "setuptools": {
            "hashes": [
                "sha256:22c7348c6d2976a52632c67f7ab0cdf40147db7789f9aed18734643fe9cf3373",
                "sha256:4ce92f1e1f8f01233ee9952c04f6b81d1e02939d6e1b488428154974a4d0783e"
            ],
            "markers": "python_version >= '3.6'",
            "version": "==59.6.0"
        },
        "six": {
            "hashes": [
                "sha256:1e61c37477a1626458e36f7b1d82aa5c9b094fa4802892072e49de9c60c4c926",
                "sha256:8abb2f1d86890a2dfb989f9a77cfcfd3e47c2a354b01111771326f8aa26e0254"
            ],
            "markers": "python_version >= '2.7' and python_version not in '3.0, 3.1, 3.2, 3.3'",
            "version": "==1.16.0"
        },
        "toml": {
            "hashes": [
                "sha256:806143ae5bfb6a3c6e736a764057db0e6a0e05e338b5630894a5f779cabb4f9b",
                "sha256:b3bda1d108d5dd99f4a20d24d9c348e91c4db7ab1b749200bded2f839ccbe68f"
            ],
            "markers": "python_version >= '2.6' and python_version not in '3.0, 3.1, 3.2, 3.3'",
            "version": "==0.10.2"
        },
        "tox": {
            "hashes": [
                "sha256:7f802b37fffd3b5ef2aab104943fa5dad24bf9564bb7e732e54b8d0cfec2fca0",
                "sha256:cc97859bd7f38aa5b3b8ba55ffe7ee9952e7050faad1aedc0829cd3db2fb61d6"
            ],
            "index": "pypi",
            "version": "==3.4.0"
        },
        "typing-extensions": {
            "hashes": [
                "sha256:1a9462dcc3347a79b1f1c0271fbe79e844580bb598bafa1ed208b94da3cdcd42",
                "sha256:21c85e0fe4b9a155d0799430b0ad741cdce7e359660ccbd8b530613e8df88ce2"
            ],
            "markers": "python_version < '3.8'",
            "version": "==4.1.1"
        },
        "virtualenv": {
            "hashes": [
                "sha256:227ea1b9994fdc5ea31977ba3383ef296d7472ea85be9d6732e42a91c04e80da",
                "sha256:d07dfc5df5e4e0dbc92862350ad87a36ed505b978f6c39609dc489eadd5b0d27"
            ],
            "markers": "python_version >= '3.6'",
            "version": "==20.16.5"
        },
        "zipp": {
            "hashes": [
                "sha256:71c644c5369f4a6e07636f0aa966270449561fcea2e3d6747b8d23efaa9d7832",
                "sha256:9fe5ea21568a0a70e50f273397638d39b03353731e6cbbb3fd8502a33fec40bc"
            ],
            "markers": "python_version >= '3.6'",
            "version": "==3.6.0"
        }
    }
}
